// !$*UTF8*$!
{
	archiveVersion = 1;
	classes = {
	};
	objectVersion = 46;
	objects = {

/* Begin PBXBuildFile section */
		1624F5241E19D2090075A02A /* Montserrat-Bold.ttf in Resources */ = {isa = PBXBuildFile; fileRef = 1624F5231E19D2090075A02A /* Montserrat-Bold.ttf */; };
		16F991981DFE7E1500CC7B74 /* AppDelegate.swift in Sources */ = {isa = PBXBuildFile; fileRef = 16F991971DFE7E1500CC7B74 /* AppDelegate.swift */; };
		16F9919A1DFE7E1500CC7B74 /* ShowFactViewController.swift in Sources */ = {isa = PBXBuildFile; fileRef = 16F991991DFE7E1500CC7B74 /* ShowFactViewController.swift */; };
		16F9919D1DFE7E1500CC7B74 /* Main.storyboard in Resources */ = {isa = PBXBuildFile; fileRef = 16F9919B1DFE7E1500CC7B74 /* Main.storyboard */; };
		16F9919F1DFE7E1500CC7B74 /* Assets.xcassets in Resources */ = {isa = PBXBuildFile; fileRef = 16F9919E1DFE7E1500CC7B74 /* Assets.xcassets */; };
		16F991A21DFE7E1500CC7B74 /* LaunchScreen.storyboard in Resources */ = {isa = PBXBuildFile; fileRef = 16F991A01DFE7E1500CC7B74 /* LaunchScreen.storyboard */; };
		16F991AA1DFE7E8A00CC7B74 /* FactGetter.swift in Sources */ = {isa = PBXBuildFile; fileRef = 16F991A91DFE7E8A00CC7B74 /* FactGetter.swift */; };
		16F991AC1DFE825300CC7B74 /* Fact.swift in Sources */ = {isa = PBXBuildFile; fileRef = 16F991AB1DFE825300CC7B74 /* Fact.swift */; };
		16F991B11DFEF22600CC7B74 /* FactsViewController.swift in Sources */ = {isa = PBXBuildFile; fileRef = 16F991B01DFEF22600CC7B74 /* FactsViewController.swift */; };
		25BB93397DE10E2F33F70462 /* Pods_Facts.framework in Frameworks */ = {isa = PBXBuildFile; fileRef = FE494E31F5C9CEE00F03F86B /* Pods_Facts.framework */; };
/* End PBXBuildFile section */

/* Begin PBXFileReference section */
		075498B9E6FA5ADCE88B8072 /* Pods-Facts.release.xcconfig */ = {isa = PBXFileReference; includeInIndex = 1; lastKnownFileType = text.xcconfig; name = "Pods-Facts.release.xcconfig"; path = "Pods/Target Support Files/Pods-Facts/Pods-Facts.release.xcconfig"; sourceTree = "<group>"; };
		1624F5231E19D2090075A02A /* Montserrat-Bold.ttf */ = {isa = PBXFileReference; lastKnownFileType = file; path = "Montserrat-Bold.ttf"; sourceTree = "<group>"; };
		16F991941DFE7E1500CC7B74 /* Facts.app */ = {isa = PBXFileReference; explicitFileType = wrapper.application; includeInIndex = 0; path = Facts.app; sourceTree = BUILT_PRODUCTS_DIR; };
		16F991971DFE7E1500CC7B74 /* AppDelegate.swift */ = {isa = PBXFileReference; lastKnownFileType = sourcecode.swift; path = AppDelegate.swift; sourceTree = "<group>"; };
		16F991991DFE7E1500CC7B74 /* ShowFactViewController.swift */ = {isa = PBXFileReference; lastKnownFileType = sourcecode.swift; path = ShowFactViewController.swift; sourceTree = "<group>"; };
		16F9919C1DFE7E1500CC7B74 /* Base */ = {isa = PBXFileReference; lastKnownFileType = file.storyboard; name = Base; path = Base.lproj/Main.storyboard; sourceTree = "<group>"; };
		16F9919E1DFE7E1500CC7B74 /* Assets.xcassets */ = {isa = PBXFileReference; lastKnownFileType = folder.assetcatalog; path = Assets.xcassets; sourceTree = "<group>"; };
		16F991A11DFE7E1500CC7B74 /* Base */ = {isa = PBXFileReference; lastKnownFileType = file.storyboard; name = Base; path = Base.lproj/LaunchScreen.storyboard; sourceTree = "<group>"; };
		16F991A31DFE7E1500CC7B74 /* Info.plist */ = {isa = PBXFileReference; lastKnownFileType = text.plist.xml; path = Info.plist; sourceTree = "<group>"; };
		16F991A91DFE7E8A00CC7B74 /* FactGetter.swift */ = {isa = PBXFileReference; fileEncoding = 4; lastKnownFileType = sourcecode.swift; path = FactGetter.swift; sourceTree = "<group>"; };
		16F991AB1DFE825300CC7B74 /* Fact.swift */ = {isa = PBXFileReference; fileEncoding = 4; lastKnownFileType = sourcecode.swift; path = Fact.swift; sourceTree = "<group>"; };
		16F991B01DFEF22600CC7B74 /* FactsViewController.swift */ = {isa = PBXFileReference; fileEncoding = 4; lastKnownFileType = sourcecode.swift; path = FactsViewController.swift; sourceTree = "<group>"; };
		54B9D47D071198EF5E49EDAF /* Pods-Facts.debug.xcconfig */ = {isa = PBXFileReference; includeInIndex = 1; lastKnownFileType = text.xcconfig; name = "Pods-Facts.debug.xcconfig"; path = "Pods/Target Support Files/Pods-Facts/Pods-Facts.debug.xcconfig"; sourceTree = "<group>"; };
		FE494E31F5C9CEE00F03F86B /* Pods_Facts.framework */ = {isa = PBXFileReference; explicitFileType = wrapper.framework; includeInIndex = 0; path = Pods_Facts.framework; sourceTree = BUILT_PRODUCTS_DIR; };
/* End PBXFileReference section */

/* Begin PBXFrameworksBuildPhase section */
		16F991911DFE7E1500CC7B74 /* Frameworks */ = {
			isa = PBXFrameworksBuildPhase;
			buildActionMask = 2147483647;
			files = (
				25BB93397DE10E2F33F70462 /* Pods_Facts.framework in Frameworks */,
			);
			runOnlyForDeploymentPostprocessing = 0;
		};
/* End PBXFrameworksBuildPhase section */

/* Begin PBXGroup section */
		16F9918B1DFE7E1500CC7B74 = {
			isa = PBXGroup;
			children = (
				1624F5231E19D2090075A02A /* Montserrat-Bold.ttf */,
				16F991961DFE7E1500CC7B74 /* Facts */,
				16F991951DFE7E1500CC7B74 /* Products */,
				3491653A2083BEC25DD5A849 /* Pods */,
				71D85D18ED991321DC9EB715 /* Frameworks */,
			);
			sourceTree = "<group>";
		};
		16F991951DFE7E1500CC7B74 /* Products */ = {
			isa = PBXGroup;
			children = (
				16F991941DFE7E1500CC7B74 /* Facts.app */,
			);
			name = Products;
			sourceTree = "<group>";
		};
		16F991961DFE7E1500CC7B74 /* Facts */ = {
			isa = PBXGroup;
			children = (
				16F991AF1DFEF1F800CC7B74 /* Supporting Files */,
				16F991991DFE7E1500CC7B74 /* ShowFactViewController.swift */,
				16F991B01DFEF22600CC7B74 /* FactsViewController.swift */,
				16F991A91DFE7E8A00CC7B74 /* FactGetter.swift */,
				16F991AB1DFE825300CC7B74 /* Fact.swift */,
				16F9919B1DFE7E1500CC7B74 /* Main.storyboard */,
			);
			path = Facts;
			sourceTree = "<group>";
		};
		16F991AF1DFEF1F800CC7B74 /* Supporting Files */ = {
			isa = PBXGroup;
			children = (
				16F991A31DFE7E1500CC7B74 /* Info.plist */,
				16F991971DFE7E1500CC7B74 /* AppDelegate.swift */,
				16F9919E1DFE7E1500CC7B74 /* Assets.xcassets */,
				16F991A01DFE7E1500CC7B74 /* LaunchScreen.storyboard */,
			);
			name = "Supporting Files";
			sourceTree = "<group>";
		};
		3491653A2083BEC25DD5A849 /* Pods */ = {
			isa = PBXGroup;
			children = (
				54B9D47D071198EF5E49EDAF /* Pods-Facts.debug.xcconfig */,
				075498B9E6FA5ADCE88B8072 /* Pods-Facts.release.xcconfig */,
			);
			name = Pods;
			sourceTree = "<group>";
		};
		71D85D18ED991321DC9EB715 /* Frameworks */ = {
			isa = PBXGroup;
			children = (
				FE494E31F5C9CEE00F03F86B /* Pods_Facts.framework */,
			);
			name = Frameworks;
			sourceTree = "<group>";
		};
/* End PBXGroup section */

/* Begin PBXNativeTarget section */
		16F991931DFE7E1500CC7B74 /* Facts */ = {
			isa = PBXNativeTarget;
			buildConfigurationList = 16F991A61DFE7E1500CC7B74 /* Build configuration list for PBXNativeTarget "Facts" */;
			buildPhases = (
				8E7F6FC80D4938426EFF111B /* [CP] Check Pods Manifest.lock */,
				16F991901DFE7E1500CC7B74 /* Sources */,
				16F991911DFE7E1500CC7B74 /* Frameworks */,
				16F991921DFE7E1500CC7B74 /* Resources */,
				C7D5DDD614989BDA566C5B7C /* [CP] Embed Pods Frameworks */,
				82145E07DDAC6B0F03890981 /* [CP] Copy Pods Resources */,
			);
			buildRules = (
			);
			dependencies = (
			);
			name = Facts;
			productName = Facts;
			productReference = 16F991941DFE7E1500CC7B74 /* Facts.app */;
			productType = "com.apple.product-type.application";
		};
/* End PBXNativeTarget section */

/* Begin PBXProject section */
		16F9918C1DFE7E1500CC7B74 /* Project object */ = {
			isa = PBXProject;
			attributes = {
				LastSwiftUpdateCheck = 0810;
				LastUpgradeCheck = 0810;
				ORGANIZATIONNAME = "Dave's Organization";
				TargetAttributes = {
					16F991931DFE7E1500CC7B74 = {
						CreatedOnToolsVersion = 8.1;
						DevelopmentTeam = CDGB7NHN3R;
						ProvisioningStyle = Automatic;
					};
				};
			};
			buildConfigurationList = 16F9918F1DFE7E1500CC7B74 /* Build configuration list for PBXProject "Facts" */;
			compatibilityVersion = "Xcode 3.2";
			developmentRegion = English;
			hasScannedForEncodings = 0;
			knownRegions = (
				en,
				Base,
			);
			mainGroup = 16F9918B1DFE7E1500CC7B74;
			productRefGroup = 16F991951DFE7E1500CC7B74 /* Products */;
			projectDirPath = "";
			projectRoot = "";
			targets = (
				16F991931DFE7E1500CC7B74 /* Facts */,
			);
		};
/* End PBXProject section */

/* Begin PBXResourcesBuildPhase section */
		16F991921DFE7E1500CC7B74 /* Resources */ = {
			isa = PBXResourcesBuildPhase;
			buildActionMask = 2147483647;
			files = (
				1624F5241E19D2090075A02A /* Montserrat-Bold.ttf in Resources */,
				16F991A21DFE7E1500CC7B74 /* LaunchScreen.storyboard in Resources */,
				16F9919F1DFE7E1500CC7B74 /* Assets.xcassets in Resources */,
				16F9919D1DFE7E1500CC7B74 /* Main.storyboard in Resources */,
			);
			runOnlyForDeploymentPostprocessing = 0;
		};
/* End PBXResourcesBuildPhase section */

/* Begin PBXShellScriptBuildPhase section */
		82145E07DDAC6B0F03890981 /* [CP] Copy Pods Resources */ = {
			isa = PBXShellScriptBuildPhase;
			buildActionMask = 2147483647;
			files = (
			);
			inputPaths = (
			);
			name = "[CP] Copy Pods Resources";
			outputPaths = (
			);
			runOnlyForDeploymentPostprocessing = 0;
			shellPath = /bin/sh;
			shellScript = "\"${SRCROOT}/Pods/Target Support Files/Pods-Facts/Pods-Facts-resources.sh\"\n";
			showEnvVarsInLog = 0;
		};
		8E7F6FC80D4938426EFF111B /* [CP] Check Pods Manifest.lock */ = {
			isa = PBXShellScriptBuildPhase;
			buildActionMask = 2147483647;
			files = (
			);
			inputPaths = (
			);
			name = "[CP] Check Pods Manifest.lock";
			outputPaths = (
			);
			runOnlyForDeploymentPostprocessing = 0;
			shellPath = /bin/sh;
			shellScript = "diff \"${PODS_ROOT}/../Podfile.lock\" \"${PODS_ROOT}/Manifest.lock\" > /dev/null\nif [ $? != 0 ] ; then\n    # print error to STDERR\n    echo \"error: The sandbox is not in sync with the Podfile.lock. Run 'pod install' or update your CocoaPods installation.\" >&2\n    exit 1\nfi\n";
			showEnvVarsInLog = 0;
		};
		C7D5DDD614989BDA566C5B7C /* [CP] Embed Pods Frameworks */ = {
			isa = PBXShellScriptBuildPhase;
			buildActionMask = 2147483647;
			files = (
			);
			inputPaths = (
			);
			name = "[CP] Embed Pods Frameworks";
			outputPaths = (
			);
			runOnlyForDeploymentPostprocessing = 0;
			shellPath = /bin/sh;
			shellScript = "\"${SRCROOT}/Pods/Target Support Files/Pods-Facts/Pods-Facts-frameworks.sh\"\n";
			showEnvVarsInLog = 0;
		};
/* End PBXShellScriptBuildPhase section */

/* Begin PBXSourcesBuildPhase section */
		16F991901DFE7E1500CC7B74 /* Sources */ = {
			isa = PBXSourcesBuildPhase;
			buildActionMask = 2147483647;
			files = (
				16F9919A1DFE7E1500CC7B74 /* ShowFactViewController.swift in Sources */,
				16F991AA1DFE7E8A00CC7B74 /* FactGetter.swift in Sources */,
				16F991981DFE7E1500CC7B74 /* AppDelegate.swift in Sources */,
				16F991AC1DFE825300CC7B74 /* Fact.swift in Sources */,
				16F991B11DFEF22600CC7B74 /* FactsViewController.swift in Sources */,
			);
			runOnlyForDeploymentPostprocessing = 0;
		};
/* End PBXSourcesBuildPhase section */

/* Begin PBXVariantGroup section */
		16F9919B1DFE7E1500CC7B74 /* Main.storyboard */ = {
			isa = PBXVariantGroup;
			children = (
				16F9919C1DFE7E1500CC7B74 /* Base */,
			);
			name = Main.storyboard;
			sourceTree = "<group>";
		};
		16F991A01DFE7E1500CC7B74 /* LaunchScreen.storyboard */ = {
			isa = PBXVariantGroup;
			children = (
				16F991A11DFE7E1500CC7B74 /* Base */,
			);
			name = LaunchScreen.storyboard;
			sourceTree = "<group>";
		};
/* End PBXVariantGroup section */

/* Begin XCBuildConfiguration section */
		16F991A41DFE7E1500CC7B74 /* Debug */ = {
			isa = XCBuildConfiguration;
			buildSettings = {
				ALWAYS_SEARCH_USER_PATHS = NO;
				CLANG_ANALYZER_NONNULL = YES;
				CLANG_CXX_LANGUAGE_STANDARD = "gnu++0x";
				CLANG_CXX_LIBRARY = "libc++";
				CLANG_ENABLE_MODULES = YES;
				CLANG_ENABLE_OBJC_ARC = YES;
				CLANG_WARN_BOOL_CONVERSION = YES;
				CLANG_WARN_CONSTANT_CONVERSION = YES;
				CLANG_WARN_DIRECT_OBJC_ISA_USAGE = YES_ERROR;
				CLANG_WARN_DOCUMENTATION_COMMENTS = YES;
				CLANG_WARN_EMPTY_BODY = YES;
				CLANG_WARN_ENUM_CONVERSION = YES;
				CLANG_WARN_INFINITE_RECURSION = YES;
				CLANG_WARN_INT_CONVERSION = YES;
				CLANG_WARN_OBJC_ROOT_CLASS = YES_ERROR;
				CLANG_WARN_SUSPICIOUS_MOVES = YES;
				CLANG_WARN_UNREACHABLE_CODE = YES;
				CLANG_WARN__DUPLICATE_METHOD_MATCH = YES;
				"CODE_SIGN_IDENTITY[sdk=iphoneos*]" = "iPhone Developer";
				COPY_PHASE_STRIP = NO;
				DEBUG_INFORMATION_FORMAT = dwarf;
				ENABLE_STRICT_OBJC_MSGSEND = YES;
				ENABLE_TESTABILITY = YES;
				GCC_C_LANGUAGE_STANDARD = gnu99;
				GCC_DYNAMIC_NO_PIC = NO;
				GCC_NO_COMMON_BLOCKS = YES;
				GCC_OPTIMIZATION_LEVEL = 0;
				GCC_PREPROCESSOR_DEFINITIONS = (
					"DEBUG=1",
					"$(inherited)",
				);
				GCC_WARN_64_TO_32_BIT_CONVERSION = YES;
				GCC_WARN_ABOUT_RETURN_TYPE = YES_ERROR;
				GCC_WARN_UNDECLARED_SELECTOR = YES;
				GCC_WARN_UNINITIALIZED_AUTOS = YES_AGGRESSIVE;
				GCC_WARN_UNUSED_FUNCTION = YES;
				GCC_WARN_UNUSED_VARIABLE = YES;
				IPHONEOS_DEPLOYMENT_TARGET = 10.1;
				MTL_ENABLE_DEBUG_INFO = YES;
				ONLY_ACTIVE_ARCH = YES;
				SDKROOT = iphoneos;
				SWIFT_ACTIVE_COMPILATION_CONDITIONS = DEBUG;
				SWIFT_OPTIMIZATION_LEVEL = "-Onone";
				TARGETED_DEVICE_FAMILY = "1,2";
			};
			name = Debug;
		};
		16F991A51DFE7E1500CC7B74 /* Release */ = {
			isa = XCBuildConfiguration;
			buildSettings = {
				ALWAYS_SEARCH_USER_PATHS = NO;
				CLANG_ANALYZER_NONNULL = YES;
				CLANG_CXX_LANGUAGE_STANDARD = "gnu++0x";
				CLANG_CXX_LIBRARY = "libc++";
				CLANG_ENABLE_MODULES = YES;
				CLANG_ENABLE_OBJC_ARC = YES;
				CLANG_WARN_BOOL_CONVERSION = YES;
				CLANG_WARN_CONSTANT_CONVERSION = YES;
				CLANG_WARN_DIRECT_OBJC_ISA_USAGE = YES_ERROR;
				CLANG_WARN_DOCUMENTATION_COMMENTS = YES;
				CLANG_WARN_EMPTY_BODY = YES;
				CLANG_WARN_ENUM_CONVERSION = YES;
				CLANG_WARN_INFINITE_RECURSION = YES;
				CLANG_WARN_INT_CONVERSION = YES;
				CLANG_WARN_OBJC_ROOT_CLASS = YES_ERROR;
				CLANG_WARN_SUSPICIOUS_MOVES = YES;
				CLANG_WARN_UNREACHABLE_CODE = YES;
				CLANG_WARN__DUPLICATE_METHOD_MATCH = YES;
				"CODE_SIGN_IDENTITY[sdk=iphoneos*]" = "iPhone Developer";
				COPY_PHASE_STRIP = NO;
				DEBUG_INFORMATION_FORMAT = "dwarf-with-dsym";
				ENABLE_NS_ASSERTIONS = NO;
				ENABLE_STRICT_OBJC_MSGSEND = YES;
				GCC_C_LANGUAGE_STANDARD = gnu99;
				GCC_NO_COMMON_BLOCKS = YES;
				GCC_WARN_64_TO_32_BIT_CONVERSION = YES;
				GCC_WARN_ABOUT_RETURN_TYPE = YES_ERROR;
				GCC_WARN_UNDECLARED_SELECTOR = YES;
				GCC_WARN_UNINITIALIZED_AUTOS = YES_AGGRESSIVE;
				GCC_WARN_UNUSED_FUNCTION = YES;
				GCC_WARN_UNUSED_VARIABLE = YES;
				IPHONEOS_DEPLOYMENT_TARGET = 10.1;
				MTL_ENABLE_DEBUG_INFO = NO;
				SDKROOT = iphoneos;
				SWIFT_OPTIMIZATION_LEVEL = "-Owholemodule";
				TARGETED_DEVICE_FAMILY = "1,2";
				VALIDATE_PRODUCT = YES;
			};
			name = Release;
		};
		16F991A71DFE7E1500CC7B74 /* Debug */ = {
			isa = XCBuildConfiguration;
			baseConfigurationReference = 54B9D47D071198EF5E49EDAF /* Pods-Facts.debug.xcconfig */;
			buildSettings = {
				ASSETCATALOG_COMPILER_APPICON_NAME = AppIcon;
				DEVELOPMENT_TEAM = CDGB7NHN3R;
				INFOPLIST_FILE = Facts/Info.plist;
				LD_RUNPATH_SEARCH_PATHS = "$(inherited) @executable_path/Frameworks";
				PRODUCT_BUNDLE_IDENTIFIER = gumbad.Facts;
				PRODUCT_NAME = "$(TARGET_NAME)";
				SWIFT_VERSION = 3.0;
			};
			name = Debug;
		};
		16F991A81DFE7E1500CC7B74 /* Release */ = {
			isa = XCBuildConfiguration;
			baseConfigurationReference = 075498B9E6FA5ADCE88B8072 /* Pods-Facts.release.xcconfig */;
			buildSettings = {
				ASSETCATALOG_COMPILER_APPICON_NAME = AppIcon;
				DEVELOPMENT_TEAM = CDGB7NHN3R;
				INFOPLIST_FILE = Facts/Info.plist;
				LD_RUNPATH_SEARCH_PATHS = "$(inherited) @executable_path/Frameworks";
				PRODUCT_BUNDLE_IDENTIFIER = gumbad.Facts;
				PRODUCT_NAME = "$(TARGET_NAME)";
				SWIFT_VERSION = 3.0;
			};
			name = Release;
		};
/* End XCBuildConfiguration section */

/* Begin XCConfigurationList section */
		16F9918F1DFE7E1500CC7B74 /* Build configuration list for PBXProject "Facts" */ = {
			isa = XCConfigurationList;
			buildConfigurations = (
				16F991A41DFE7E1500CC7B74 /* Debug */,
				16F991A51DFE7E1500CC7B74 /* Release */,
			);
			defaultConfigurationIsVisible = 0;
			defaultConfigurationName = Release;
		};
		16F991A61DFE7E1500CC7B74 /* Build configuration list for PBXNativeTarget "Facts" */ = {
			isa = XCConfigurationList;
			buildConfigurations = (
				16F991A71DFE7E1500CC7B74 /* Debug */,
				16F991A81DFE7E1500CC7B74 /* Release */,
			);
			defaultConfigurationIsVisible = 0;
			defaultConfigurationName = Release;
		};
/* End XCConfigurationList section */
	};
	rootObject = 16F9918C1DFE7E1500CC7B74 /* Project object */;
}
